{
  "name": "anharmonic-private-downloads",
  "lockfileVersion": 3,
  "requires": true,
  "packages": {
    "": {
      "name": "anharmonic-private-downloads",
      "devDependencies": {
        "miniflare": "5.20260908.0-alpha",
        "wrangler": "4.130.0"
      }
    },
    "../../../../.local/share/anharmonic-cloudflare-tools/node_modules/@cloudflare/kv-asset-handler": {
      "version": "0.5.0",
      "extraneous": true,
      "license": "MIT OR Apache-2.0",
      "devDependencies": {
        "@cloudflare/vitest-pool-workers": "^0.13.0",
        "@cloudflare/workers-types": "^4.20260430.1",
        "@types/mime": "^3.0.4",
        "@types/node": "^22.10.1",
        "mime": "^3.0.0",
        "tsup": "8.3.0",
        "vitest": "4.1.0"
      },
      "engines": {
        "node": ">=22.0.0"
      }
    },
    "../../../../.local/share/anharmonic-cloudflare-tools/node_modules/@cloudflare/unenv-preset": {
      "version": "2.16.1",
      "extraneous": true,
      "license": "MIT OR Apache-2.0",
      "devDependencies": {
        "@types/node-unenv": "npm:@types/node@^22.14.0",
        "typescript": "~5.8.3",
        "unbuild": "^3.2.0"
      },
      "peerDependencies": {
        "unenv": "2.0.0-rc.24",
        "workerd": ">1.20260305.0 <2.0.0-0"
      },
      "peerDependenciesMeta": {
        "workerd": {
          "optional": true
        }
      }
    },
    "../../../../.local/share/anharmonic-cloudflare-tools/node_modules/@cloudflare/workerd-linux-64": {
      "version": "1.20260908.1",
      "cpu": [
        "x64"
      ],
      "extraneous": true,
      "license": "Apache-2.0",
      "os": [
        "linux"
      ],
      "engines": {
        "node": ">=16"
      }
    },
    "../../../../.local/share/anharmonic-cloudflare-tools/node_modules/@cspotcode/source-map-support": {
      "version": "0.8.1",
      "extraneous": true,
      "license": "MIT",
      "dependencies": {
        "@jridgewell/trace-mapping": "0.3.9"
      },
      "devDependencies": {
        "@types/lodash": "^4.14.182",
        "browserify": "^4.2.3",
        "coffeescript": "^1.12.7",
        "http-server": "^0.11.1",
        "lodash": "^4.17.21",
        "mocha": "^3.5.3",
        "semver": "^7.3.7",
        "source-map": "0.6.1",
        "webpack": "^1.15.0"
      },
      "engines": {
        "node": ">=12"
      }
    },
    "../../../../.local/share/anharmonic-cloudflare-tools/node_modules/@esbuild/linux-x64": {
      "version": "0.28.1",
      "cpu": [
        "x64"
      ],
      "extraneous": true,
      "license": "MIT",
      "os": [
        "linux"
      ],
      "engines": {
        "node": ">=18"
      }
    },
    "../../../../.local/share/anharmonic-cloudflare-tools/node_modules/@img/colour": {
      "version": "1.1.0",
      "extraneous": true,
      "license": "MIT",
      "devDependencies": {
        "color": "5.0.3",
        "color-convert": "3.1.3",
        "color-name": "2.1.0",
        "color-string": "2.1.4",
        "dts-bundle-generator": "^9.5.1",
        "esbuild": "^0.27.3"
      },
      "engines": {
        "node": ">=18"
      }
    },
    "../../../../.local/share/anharmonic-cloudflare-tools/node_modules/@img/sharp-libvips-linux-x64": {
      "version": "1.3.1",
      "cpu": [
        "x64"
      ],
      "extraneous": true,
      "libc": [
        "glibc"
      ],
      "license": "LGPL-3.0-or-later",
      "os": [
        "linux"
      ],
      "funding": {
        "url": "https://opencollective.com/libvips"
      }
    },
    "../../../../.local/share/anharmonic-cloudflare-tools/node_modules/@img/sharp-linux-x64": {
      "version": "0.35.2",
      "cpu": [
        "x64"
      ],
      "extraneous": true,
      "libc": [
        "glibc"
      ],
      "license": "Apache-2.0",
      "os": [
        "linux"
      ],
      "engines": {
        "node": ">=20.9.0"
      },
      "funding": {
        "url": "https://opencollective.com/libvips"
      },
      "optionalDependencies": {
        "@img/sharp-libvips-linux-x64": "1.3.1"
      }
    },
    "../../../../.local/share/anharmonic-cloudflare-tools/node_modules/@jridgewell/resolve-uri": {
      "version": "3.1.2",
      "extraneous": true,
      "license": "MIT",
      "devDependencies": {
        "@jridgewell/resolve-uri-latest": "npm:@jridgewell/resolve-uri@*",
        "@rollup/plugin-typescript": "8.3.0",
        "@typescript-eslint/eslint-plugin": "5.10.0",
        "@typescript-eslint/parser": "5.10.0",
        "c8": "7.11.0",
        "eslint": "8.7.0",
        "eslint-config-prettier": "8.3.0",
        "mocha": "9.2.0",
        "npm-run-all": "4.1.5",
        "prettier": "2.5.1",
        "rollup": "2.66.0",
        "typescript": "4.5.5"
      },
      "engines": {
        "node": ">=6.0.0"
      }
    },
    "../../../../.local/share/anharmonic-cloudflare-tools/node_modules/@jridgewell/sourcemap-codec": {
      "version": "1.6.0",
      "extraneous": true,
      "license": "MIT"
    },
    "../../../../.local/share/anharmonic-cloudflare-tools/node_modules/@jridgewell/trace-mapping": {
      "version": "0.3.9",
      "extraneous": true,
      "license": "MIT",
      "dependencies": {
        "@jridgewell/resolve-uri": "^3.0.3",
        "@jridgewell/sourcemap-codec": "^1.4.10"
      },
      "devDependencies": {
        "@rollup/plugin-typescript": "8.3.0",
        "@typescript-eslint/eslint-plugin": "5.10.0",
        "@typescript-eslint/parser": "5.10.0",
        "ava": "4.0.1",
        "benchmark": "2.1.4",
        "c8": "7.11.0",
        "esbuild": "0.14.14",
        "esbuild-node-loader": "0.6.4",
        "eslint": "8.7.0",
        "eslint-config-prettier": "8.3.0",
        "npm-run-all": "4.1.5",
        "prettier": "2.5.1",
        "rollup": "2.64.0",
        "typescript": "4.5.4"
      }
    },
    "../../../../.local/share/anharmonic-cloudflare-tools/node_modules/@poppinss/colors": {
      "version": "4.1.6",
      "extraneous": true,
      "license": "MIT",
      "dependencies": {
        "kleur": "^4.1.5"
      },
      "devDependencies": {
        "@adonisjs/eslint-config": "^3.0.0-next.5",
        "@adonisjs/prettier-config": "^1.4.5",
        "@adonisjs/tsconfig": "^2.0.0-next.3",
        "@japa/assert": "^4.1.1",
        "@japa/runner": "^4.4.0",
        "@poppinss/ts-exec": "^1.4.1",
        "@release-it/conventional-changelog": "^10.0.3",
        "@types/node": "^25.0.1",
        "c8": "^10.1.3",
        "del-cli": "^7.0.0",
        "eslint": "^9.39.1",
        "prettier": "^3.7.4",
        "release-it": "^19.1.0",
        "tsdown": "^0.17.3",
        "typescript": "^5.9.3"
      }
    },
    "../../../../.local/share/anharmonic-cloudflare-tools/node_modules/@poppinss/dumper": {
      "version": "0.6.5",
      "extraneous": true,
      "license": "MIT",
      "dependencies": {
        "@poppinss/colors": "^4.1.5",
        "@sindresorhus/is": "^7.0.2",
        "supports-color": "^10.0.0"
      },
      "devDependencies": {
        "@adonisjs/eslint-config": "^3.0.0-next.0",
        "@adonisjs/prettier-config": "^1.4.5",
        "@adonisjs/tsconfig": "^2.0.0-next.0",
        "@japa/expect": "^3.0.4",
        "@japa/runner": "^4.2.0",
        "@japa/snapshot": "^2.0.8",
        "@poppinss/ts-exec": "^1.4.0",
        "@poppinss/utils": "^6.10.0",
        "@release-it/conventional-changelog": "^10.0.1",
        "@types/luxon": "^3.6.2",
        "del-cli": "^6.0.0",
        "eslint": "^9.30.1",
        "luxon": "^3.6.1",
        "prettier": "^3.6.2",
        "release-it": "^19.0.3",
        "rxjs": "^7.8.2",
        "tsup": "^8.5.0",
        "typescript": "^5.8.3"
      }
    },
    "../../../../.local/share/anharmonic-cloudflare-tools/node_modules/@poppinss/exception": {
      "version": "1.2.3",
      "extraneous": true,
      "license": "MIT",
      "devDependencies": {
        "@adonisjs/eslint-config": "^3.0.0-next.5",
        "@adonisjs/prettier-config": "^1.4.5",
        "@adonisjs/tsconfig": "^2.0.0-next.3",
        "@japa/expect": "^3.0.6",
        "@japa/expect-type": "^2.0.3",
        "@japa/runner": "^4.4.0",
        "@poppinss/ts-exec": "^1.4.1",
        "@release-it/conventional-changelog": "^10.0.3",
        "@types/node": "^25.0.1",
        "c8": "^10.1.3",
        "eslint": "^9.39.1",
        "prettier": "^3.7.4",
        "release-it": "^19.1.0",
        "tsdown": "^0.17.3",
        "typescript": "^5.9.3"
      }
    },
    "../../../../.local/share/anharmonic-cloudflare-tools/node_modules/@sindresorhus/is": {
      "version": "7.2.0",
      "extraneous": true,
      "license": "MIT",
      "devDependencies": {
        "@sindresorhus/tsconfig": "^6.0.0",
        "@types/jsdom": "^21.1.7",
        "@types/node": "^20.14.10",
        "@types/zen-observable": "^0.8.7",
        "ava": "^6.1.3",
        "del-cli": "^5.1.0",
        "expect-type": "^0.19.0",
        "jsdom": "^24.1.0",
        "rxjs": "^7.8.1",
        "tempy": "^3.1.0",
        "tsimp": "2.0.11",
        "typescript": "5.5.3",
        "xo": "^0.58.0",
        "zen-observable": "^0.10.0"
      },
      "engines": {
        "node": ">=18"
      },
      "funding": {
        "url": "https://github.com/sindresorhus/is?sponsor=1"
      }
    },
    "../../../../.local/share/anharmonic-cloudflare-tools/node_modules/@speed-highlight/core": {
      "version": "1.2.24",
      "extraneous": true,
      "license": "CC0-1.0",
      "devDependencies": {
        "@semantic-release/git": "^10.0.1",
        "esbuild": "^0.28.1",
        "lightningcss-cli": "^1.25.1",
        "semantic-release": "^25.0.2",
        "typescript": "^5.3.3"
      }
    },
    "../../../../.local/share/anharmonic-cloudflare-tools/node_modules/blake3-wasm": {
      "version": "2.1.5",
      "extraneous": true,
      "license": "MIT",
      "devDependencies": {
        "@types/chai": "^4.2.7",
        "@types/js-yaml": "^3.12.1",
        "@types/mocha": "^5.2.7",
        "@types/node": "^13.1.6",
        "@types/node-fetch": "^2.5.4",
        "@types/puppeteer": "^2.0.0",
        "@types/serve-handler": "^6.1.0",
        "@types/stream-buffers": "^3.0.3",
        "@types/webpack": "^4.41.2",
        "chai": "^4.2.0",
        "js-yaml": "^3.13.1",
        "mocha": "^7.0.0",
        "neon-cli": "^0.3.3",
        "node-fetch": "^2.6.0",
        "prettier": "^1.19.1",
        "puppeteer": "^2.0.0",
        "remark-cli": "^7.0.1",
        "remark-toc": "^6.0.0",
        "rimraf": "^3.0.0",
        "serve-handler": "^6.1.2",
        "source-map-support": "^0.5.16",
        "stream-buffers": "^3.0.2",
        "typescript": "^3.8.0-beta",
        "webpack": "^4.41.5"
      }
    },
    "../../../../.local/share/anharmonic-cloudflare-tools/node_modules/cookie": {
      "version": "1.1.1",
      "extraneous": true,
      "license": "MIT",
      "devDependencies": {
        "@borderless/ts-scripts": "^0.15.0",
        "@vitest/coverage-v8": "^3.2.4",
        "top-sites": "1.1.194",
        "typescript": "^5.6.2",
        "vitest": "^3.2.4"
      },
      "engines": {
        "node": ">=18"
      },
      "funding": {
        "type": "opencollective",
        "url": "https://opencollective.com/express"
      }
    },
    "../../../../.local/share/anharmonic-cloudflare-tools/node_modules/detect-libc": {
      "version": "2.1.2",
      "extraneous": true,
      "license": "Apache-2.0",
      "devDependencies": {
        "ava": "^2.4.0",
        "benchmark": "^2.1.4",
        "conventional-changelog-cli": "^5.0.0",
        "eslint-config-standard": "^13.0.1",
        "nyc": "^15.1.0",
        "proxyquire": "^2.1.3",
        "semistandard": "^14.2.3"
      },
      "engines": {
        "node": ">=8"
      }
    },
    "../../../../.local/share/anharmonic-cloudflare-tools/node_modules/error-stack-parser-es": {
      "version": "1.0.5",
      "extraneous": true,
      "license": "MIT",
      "devDependencies": {
        "@antfu/eslint-config": "^3.12.2",
        "@antfu/ni": "^23.2.0",
        "@antfu/utils": "^8.0.0",
        "@types/node": "^22.10.5",
        "bumpp": "^9.9.3",
        "eslint": "^9.17.0",
        "esno": "^4.8.0",
        "lint-staged": "^15.3.0",
        "pnpm": "^9.15.3",
        "rimraf": "^6.0.1",
        "simple-git-hooks": "^2.11.1",
        "typescript": "^5.7.3",
        "unbuild": "^3.2.0",
        "vite": "^6.0.7",
        "vitest": "^2.1.8"
      },
      "funding": {
        "url": "https://github.com/sponsors/antfu"
      }
    },
    "../../../../.local/share/anharmonic-cloudflare-tools/node_modules/esbuild": {
      "version": "0.28.1",
      "extraneous": true,
      "hasInstallScript": true,
      "license": "MIT",
      "bin": {
        "esbuild": "bin/esbuild"
      },
      "engines": {
        "node": ">=18"
      },
      "optionalDependencies": {
        "@esbuild/aix-ppc64": "0.28.1",
        "@esbuild/android-arm": "0.28.1",
        "@esbuild/android-arm64": "0.28.1",
        "@esbuild/android-x64": "0.28.1",
        "@esbuild/darwin-arm64": "0.28.1",
        "@esbuild/darwin-x64": "0.28.1",
        "@esbuild/freebsd-arm64": "0.28.1",
        "@esbuild/freebsd-x64": "0.28.1",
        "@esbuild/linux-arm": "0.28.1",
        "@esbuild/linux-arm64": "0.28.1",
        "@esbuild/linux-ia32": "0.28.1",
        "@esbuild/linux-loong64": "0.28.1",
        "@esbuild/linux-mips64el": "0.28.1",
        "@esbuild/linux-ppc64": "0.28.1",
        "@esbuild/linux-riscv64": "0.28.1",
        "@esbuild/linux-s390x": "0.28.1",
        "@esbuild/linux-x64": "0.28.1",
        "@esbuild/netbsd-arm64": "0.28.1",
        "@esbuild/netbsd-x64": "0.28.1",
        "@esbuild/openbsd-arm64": "0.28.1",
        "@esbuild/openbsd-x64": "0.28.1",
        "@esbuild/openharmony-arm64": "0.28.1",
        "@esbuild/sunos-x64": "0.28.1",
        "@esbuild/win32-arm64": "0.28.1",
        "@esbuild/win32-ia32": "0.28.1",
        "@esbuild/win32-x64": "0.28.1"
      }
    },
    "../../../../.local/share/anharmonic-cloudflare-tools/node_modules/kleur": {
      "version": "4.1.5",
      "extraneous": true,
      "license": "MIT",
      "devDependencies": {
        "esm": "3.2.25",
        "uvu": "0.3.3"
      },
      "engines": {
        "node": ">=6"
      }
    },
    "../../../../.local/share/anharmonic-cloudflare-tools/node_modules/miniflare": {
      "version": "5.20260908.0-alpha",
      "dev": true,
      "license": "MIT",
      "dependencies": {
        "@cspotcode/source-map-support": "0.8.1",
        "sharp": "0.35.2",
        "undici": "7.29.0",
        "workerd": "1.20260908.1",
        "ws": "8.21.0",
        "youch": "4.1.0-beta.10"
      },
      "devDependencies": {
        "@aws-crypto/sha256-js": "^5.2.0",
        "@aws-sdk/client-s3": "^3.721.0",
        "@aws-sdk/s3-request-presigner": "^3.721.0",
        "@cloudflare/cli-shared-helpers": "0.1.28",
        "@cloudflare/config": "0.11.0",
        "@cloudflare/containers-shared": "0.16.0",
        "@cloudflare/kv-asset-handler": "0.5.0",
        "@cloudflare/local-explorer-ui": "0.15.0",
        "@cloudflare/workers-shared": "0.19.9",
        "@cloudflare/workers-types": "^5.20260908.1",
        "@cloudflare/workers-utils": "0.37.0",
        "@cloudflare/workflows-shared": "0.13.0",
        "@hey-api/openapi-ts": "0.94.0",
        "@microsoft/api-extractor": "^7.52.8",
        "@puppeteer/browsers": "^2.10.6",
        "@smithy/signature-v4": "^4.2.4",
        "@types/debug": "^4.1.7",
        "@types/estree": "^1.0.0",
        "@types/glob-to-regexp": "^0.4.1",
        "@types/http-cache-semantics": "^4.0.1",
        "@types/mime": "^3.0.4",
        "@types/node": "22.15.17",
        "@types/stoppable": "^1.1.1",
        "@types/which": "^2.0.1",
        "@types/ws": "^8.5.7",
        "acorn": "8.16.0",
        "acorn-import-phases": "^1.0.4",
        "acorn-walk": "8.3.5",
        "capnp-es": "0.0.16",
        "capnweb": "0.5.0",
        "chokidar": "^4.0.1",
        "ci-info": "4.4.0",
        "concurrently": "^8.2.2",
        "devalue": "^5.6.3",
        "devtools-protocol": "^0.0.1182435",
        "esbuild": "0.28.1",
        "expect-type": "^0.15.0",
        "fast-xml-parser": "^4.4.1",
        "get-port": "^7.1.0",
        "glob-to-regexp": "0.4.1",
        "hono": "^4.12.5",
        "http-cache-semantics": "^4.1.0",
        "jsonc-parser": "3.2.0",
        "kleur": "^4.1.5",
        "mime": "^3.0.0",
        "postal-mime": "^2.4.3",
        "pretty-bytes": "^6.0.0",
        "source-map": "^0.6.1",
        "stoppable": "1.1.0",
        "ts-dedent": "^2.2.0",
        "typescript": "5.8.3",
        "vitest": "4.1.0",
        "which": "^2.0.2",
        "zod": "4.4.3"
      },
      "engines": {
        "node": ">=22.0.0"
      }
    },
    "../../../../.local/share/anharmonic-cloudflare-tools/node_modules/path-to-regexp": {
      "version": "6.3.0",
      "extraneous": true,
      "license": "MIT",
      "devDependencies": {
        "@borderless/ts-scripts": "^0.15.0",
        "@size-limit/preset-small-lib": "^11.1.2",
        "@types/node": "^20.4.9",
        "@types/semver": "^7.3.1",
        "@vitest/coverage-v8": "^1.4.0",
        "recheck": "^4.4.5",
        "semver": "^7.3.5",
        "size-limit": "^11.1.2",
        "typescript": "^5.1.6"
      }
    },
    "../../../../.local/share/anharmonic-cloudflare-tools/node_modules/pathe": {
      "version": "2.0.3",
      "extraneous": true,
      "license": "MIT",
      "devDependencies": {
        "@types/node": "^22.13.1",
        "@vitest/coverage-v8": "^3.0.5",
        "changelogen": "^0.5.7",
        "esbuild": "^0.25.0",
        "eslint": "^9.20.1",
        "eslint-config-unjs": "^0.4.2",
        "jiti": "^2.4.2",
        "prettier": "^3.5.0",
        "typescript": "^5.7.3",
        "unbuild": "^3.3.1",
        "vitest": "^3.0.5",
        "zeptomatch": "^2.0.0"
      }
    },
    "../../../../.local/share/anharmonic-cloudflare-tools/node_modules/semver": {
      "version": "7.8.5",
      "extraneous": true,
      "license": "ISC",
      "bin": {
        "semver": "bin/semver.js"
      },
      "devDependencies": {
        "@npmcli/eslint-config": "^7.0.0",
        "@npmcli/template-oss": "5.0.0",
        "benchmark": "^2.1.4",
        "tap": "^16.0.0"
      },
      "engines": {
        "node": ">=10"
      }
    },
    "../../../../.local/share/anharmonic-cloudflare-tools/node_modules/sharp": {
      "version": "0.35.2",
      "extraneous": true,
      "license": "Apache-2.0",
      "dependencies": {
        "@img/colour": "^1.1.0",
        "detect-libc": "^2.1.2",
        "semver": "^7.8.4"
      },
      "devDependencies": {
        "@biomejs/biome": "^2.5.0",
        "@cpplint/cli": "^0.1.0",
        "@emnapi/runtime": "^1.11.1",
        "@img/sharp-libvips-dev": "1.3.1",
        "@img/sharp-libvips-dev-wasm32": "1.3.1",
        "@img/sharp-libvips-win32-arm64": "1.3.1",
        "@img/sharp-libvips-win32-ia32": "1.3.1",
        "@img/sharp-libvips-win32-x64": "1.3.1",
        "@types/node": "*",
        "emnapi": "^1.11.1",
        "exif-reader": "^2.0.3",
        "extract-zip": "^2.0.1",
        "icc": "^4.0.0",
        "node-addon-api": "^8.8.0",
        "node-gyp": "^12.4.0",
        "publint": "^0.3.21",
        "tar-fs": "^3.1.2",
        "tsd": "^0.33.0"
      },
      "engines": {
        "node": ">=20.9.0"
      },
      "funding": {
        "url": "https://opencollective.com/libvips"
      },
      "optionalDependencies": {
        "@img/sharp-darwin-arm64": "0.35.2",
        "@img/sharp-darwin-x64": "0.35.2",
        "@img/sharp-freebsd-wasm32": "0.35.2",
        "@img/sharp-libvips-darwin-arm64": "1.3.1",
        "@img/sharp-libvips-darwin-x64": "1.3.1",
        "@img/sharp-libvips-linux-arm": "1.3.1",
        "@img/sharp-libvips-linux-arm64": "1.3.1",
        "@img/sharp-libvips-linux-ppc64": "1.3.1",
        "@img/sharp-libvips-linux-riscv64": "1.3.1",
        "@img/sharp-libvips-linux-s390x": "1.3.1",
        "@img/sharp-libvips-linux-x64": "1.3.1",
        "@img/sharp-libvips-linuxmusl-arm64": "1.3.1",
        "@img/sharp-libvips-linuxmusl-x64": "1.3.1",
        "@img/sharp-linux-arm": "0.35.2",
        "@img/sharp-linux-arm64": "0.35.2",
        "@img/sharp-linux-ppc64": "0.35.2",
        "@img/sharp-linux-riscv64": "0.35.2",
        "@img/sharp-linux-s390x": "0.35.2",
        "@img/sharp-linux-x64": "0.35.2",
        "@img/sharp-linuxmusl-arm64": "0.35.2",
        "@img/sharp-linuxmusl-x64": "0.35.2",
        "@img/sharp-webcontainers-wasm32": "0.35.2",
        "@img/sharp-win32-arm64": "0.35.2",
        "@img/sharp-win32-ia32": "0.35.2",
        "@img/sharp-win32-x64": "0.35.2"
      }
    },
    "../../../../.local/share/anharmonic-cloudflare-tools/node_modules/supports-color": {
      "version": "10.2.2",
      "extraneous": true,
      "license": "MIT",
      "devDependencies": {
        "@types/node": "^22.10.2",
        "ava": "^6.2.0",
        "tsd": "^0.31.2",
        "xo": "^0.60.0"
      },
      "engines": {
        "node": ">=18"
      },
      "funding": {
        "url": "https://github.com/chalk/supports-color?sponsor=1"
      }
    },
    "../../../../.local/share/anharmonic-cloudflare-tools/node_modules/undici": {
      "version": "7.29.0",
      "extraneous": true,
      "license": "MIT",
      "devDependencies": {
        "@fastify/busboy": "3.2.0",
        "@matteo.collina/tspl": "^0.2.0",
        "@metcoder95/https-pem": "^1.0.0",
        "@sinonjs/fake-timers": "^12.0.0",
        "@types/node": "^20.19.22",
        "abort-controller": "^3.0.0",
        "borp": "^0.20.0",
        "c8": "^10.0.0",
        "cross-env": "^10.0.0",
        "dns-packet": "^5.4.0",
        "esbuild": "^0.27.3",
        "eslint": "^9.9.0",
        "fast-check": "^4.1.1",
        "husky": "^9.0.7",
        "jest": "^30.0.5",
        "jsondiffpatch": "^0.7.3",
        "neostandard": "^0.12.0",
        "node-forge": "^1.3.1",
        "proxy": "^2.1.1",
        "tsd": "^0.33.0",
        "typescript": "^6.0.2",
        "ws": "^8.11.0"
      },
      "engines": {
        "node": ">=20.18.1"
      }
    },
    "../../../../.local/share/anharmonic-cloudflare-tools/node_modules/unenv": {
      "version": "2.0.0-rc.24",
      "extraneous": true,
      "license": "MIT",
      "dependencies": {
        "pathe": "^2.0.3"
      },
      "devDependencies": {
        "@parcel/watcher": "^2.5.1",
        "@types/debug": "^4.1.12",
        "@types/node": "22.14.1",
        "@vitest/coverage-v8": "^4.0.4",
        "automd": "^0.4.2",
        "changelogen": "^0.6.2",
        "consola": "^3.4.2",
        "esbuild": "^0.25.11",
        "eslint": "^9.38.0",
        "eslint-config-unjs": "^0.5.0",
        "exsolve": "^1.0.7",
        "jiti": "^2.6.1",
        "magic-string": "^0.30.21",
        "obuild": "^0.3.0",
        "prettier": "^3.6.2",
        "tinyexec": "^1.0.1",
        "typescript": "^5.9.3",
        "vitest": "^4.0.4",
        "workerd": "^1.20251024.0",
        "wrangler": "^4.45.1"
      }
    },
    "../../../../.local/share/anharmonic-cloudflare-tools/node_modules/workerd": {
      "version": "1.20260908.1",
      "extraneous": true,
      "hasInstallScript": true,
      "license": "Apache-2.0",
      "bin": {
        "workerd": "bin/workerd"
      },
      "engines": {
        "node": ">=16"
      },
      "optionalDependencies": {
        "@cloudflare/workerd-darwin-64": "1.20260908.1",
        "@cloudflare/workerd-darwin-arm64": "1.20260908.1",
        "@cloudflare/workerd-linux-64": "1.20260908.1",
        "@cloudflare/workerd-linux-arm64": "1.20260908.1",
        "@cloudflare/workerd-windows-64": "1.20260908.1"
      }
    },
    "../../../../.local/share/anharmonic-cloudflare-tools/node_modules/wrangler": {
      "version": "4.130.0",
      "dev": true,
      "license": "MIT OR Apache-2.0",
      "dependencies": {
        "@cloudflare/kv-asset-handler": "0.5.0",
        "@cloudflare/unenv-preset": "2.16.1",
        "blake3-wasm": "2.1.5",
        "esbuild": "0.28.1",
        "miniflare": "5.20260908.0-alpha",
        "path-to-regexp": "6.3.0",
        "unenv": "2.0.0-rc.24",
        "workerd": "1.20260908.1"
      },
      "bin": {
        "cf-wrangler": "bin/cf-wrangler.js",
        "wrangler": "bin/wrangler.js",
        "wrangler2": "bin/wrangler.js"
      },
      "devDependencies": {
        "@aws-sdk/client-s3": "^3.721.0",
        "@aws-sdk/s3-request-presigner": "^3.721.0",
        "@bomb.sh/tab": "^0.0.12",
        "@cloudflare/autoconfig": "0.4.3",
        "@cloudflare/build-output-utils": "0.4.1",
        "@cloudflare/cli-shared-helpers": "0.1.28",
        "@cloudflare/config": "0.11.0",
        "@cloudflare/containers-shared": "0.16.0",
        "@cloudflare/deploy-helpers": "0.10.3",
        "@cloudflare/pages-functions": "0.1.0",
        "@cloudflare/pages-shared": "^0.13.178",
        "@cloudflare/remote-bindings": "0.0.21",
        "@cloudflare/runtime-types": "0.0.23",
        "@cloudflare/shared-ast-primitives": "1.1.0",
        "@cloudflare/types": "6.18.4",
        "@cloudflare/workers-auth": "0.6.10",
        "@cloudflare/workers-shared": "0.19.9",
        "@cloudflare/workers-tsconfig": "0.0.0",
        "@cloudflare/workers-types": "^5.20260908.1",
        "@cloudflare/workers-utils": "0.37.0",
        "@cloudflare/workflows-shared": "0.13.0",
        "@cspotcode/source-map-support": "0.8.1",
        "@netlify/build-info": "10.5.1",
        "@sentry/node": "^7.86.0",
        "@sentry/types": "^7.86.0",
        "@sentry/utils": "^7.86.0",
        "@types/command-exists": "^1.2.0",
        "@types/esprima": "^4.0.3",
        "@types/glob-to-regexp": "^0.4.1",
        "@types/javascript-time-ago": "^2.0.3",
        "@types/mime": "^3.0.4",
        "@types/minimatch": "^5.1.2",
        "@types/node": "22.15.17",
        "@types/node-forge": "^1.3.11",
        "@types/prompts": "^2.0.14",
        "@types/resolve": "^1.20.6",
        "@types/shell-quote": "^1.7.2",
        "@types/supports-color": "^8.1.1",
        "@types/ws": "^8.5.7",
        "@types/yargs": "^17.0.22",
        "@vitest/ui": "4.1.0",
        "@webcontainer/env": "^1.1.0",
        "am-i-vibing": "^0.5.0",
        "capnweb": "0.5.0",
        "chalk": "5.3.0",
        "chokidar": "^4.0.1",
        "ci-info": "4.4.0",
        "cli-table3": "^0.6.3",
        "cloudflare": "^5.2.0",
        "cmd-shim": "^4.1.0",
        "command-exists": "1.2.9",
        "concurrently": "^8.2.2",
        "date-fns": "^4.1.0",
        "devtools-protocol": "^0.0.1182435",
        "dotenv": "16.3.1",
        "dotenv-expand": "^12.0.2",
        "empathic": "^2.0.0",
        "esprima": "4.0.1",
        "execa": "^6.1.0",
        "get-port": "^7.0.0",
        "glob-to-regexp": "^0.4.1",
        "https-proxy-agent": "7.0.2",
        "itty-time": "^1.0.6",
        "javascript-time-ago": "^2.5.4",
        "jsonc-parser": "3.2.0",
        "md5-file": "5.0.0",
        "mime": "^3.0.0",
        "minimatch": "^5.1.0",
        "mock-socket": "^9.3.1",
        "msw": "2.14.6",
        "node-forge": "^1.3.2",
        "open": "11.0.0",
        "p-queue": "^9.0.0",
        "patch-console": "^1.0.0",
        "pretty-bytes": "^6.0.0",
        "prompts": "^2.4.2",
        "qr": "^0.6.0",
        "recast": "0.23.11",
        "resolve": "^1.22.8",
        "rosie-skills": "^0.8.1",
        "semiver": "^1.1.0",
        "shell-quote": "^1.8.1",
        "signal-exit": "4.1.0",
        "smol-toml": "1.5.2",
        "supports-color": "^9.2.2",
        "timeago.js": "4.0.2",
        "tree-kill": "1.2.2",
        "ts-dedent": "^2.2.0",
        "ts-json-schema-generator": "^1.5.0",
        "tsdown": "0.16.3",
        "tsup": "8.3.0",
        "typescript": "5.8.3",
        "undici": "7.29.0",
        "vitest": "4.1.0",
        "vitest-websocket-mock": "^0.4.0",
        "ws": "8.21.0",
        "xxhash-wasm": "^1.0.1",
        "yaml": "^2.8.1",
        "yargs": "^17.7.2",
        "zod": "4.4.3"
      },
      "engines": {
        "node": ">=22.0.0"
      },
      "optionalDependencies": {
        "fsevents": "2.3.3"
      },
      "peerDependencies": {
        "@cloudflare/workers-types": "^5.20260908.1"
      },
      "peerDependenciesMeta": {
        "@cloudflare/workers-types": {
          "optional": true
        }
      }
    },
    "../../../../.local/share/anharmonic-cloudflare-tools/node_modules/ws": {
      "version": "8.21.0",
      "extraneous": true,
      "license": "MIT",
      "devDependencies": {
        "@eslint/js": "^10.0.1",
        "benchmark": "^2.1.4",
        "bufferutil": "^4.0.1",
        "eslint": "^10.0.1",
        "eslint-config-prettier": "^10.0.1",
        "eslint-plugin-prettier": "^5.0.0",
        "globals": "^17.0.0",
        "mocha": "^8.4.0",
        "nyc": "^15.0.0",
        "prettier": "^3.0.0",
        "utf-8-validate": "^6.0.0"
      },
      "engines": {
        "node": ">=10.0.0"
      },
      "peerDependencies": {
        "bufferutil": "^4.0.1",
        "utf-8-validate": ">=5.0.2"
      },
      "peerDependenciesMeta": {
        "bufferutil": {
          "optional": true
        },
        "utf-8-validate": {
          "optional": true
        }
      }
    },
    "../../../../.local/share/anharmonic-cloudflare-tools/node_modules/youch": {
      "version": "4.1.0-beta.10",
      "extraneous": true,
      "license": "MIT",
      "dependencies": {
        "@poppinss/colors": "^4.1.5",
        "@poppinss/dumper": "^0.6.4",
        "@speed-highlight/core": "^1.2.7",
        "cookie": "^1.0.2",
        "youch-core": "^0.3.3"
      },
      "devDependencies": {
        "@adonisjs/eslint-config": "^3.0.0-next.0",
        "@adonisjs/prettier-config": "^1.4.5",
        "@adonisjs/tsconfig": "^2.0.0-next.0",
        "@aws-sdk/client-s3": "^3.842.0",
        "@aws-sdk/s3-request-presigner": "^3.842.0",
        "@japa/assert": "^4.0.1",
        "@japa/expect": "^3.0.4",
        "@japa/expect-type": "^2.0.3",
        "@japa/file-system": "^2.3.2",
        "@japa/runner": "^4.2.0",
        "@japa/snapshot": "^2.0.8",
        "@poppinss/exception": "^1.2.2",
        "@poppinss/ts-exec": "^1.4.0",
        "@release-it/conventional-changelog": "^10.0.1",
        "@types/cookie": "^1.0.0",
        "@types/jsdom": "^21.1.7",
        "@types/node": "^24.0.10",
        "@types/pg": "^8.15.4",
        "axios": "^1.10.0",
        "c8": "^10.1.3",
        "copyfiles": "^2.4.1",
        "eslint": "^9.30.1",
        "flydrive": "^1.3.0",
        "jsdom": "^26.1.0",
        "pg": "^8.16.3",
        "prettier": "^3.6.2",
        "release-it": "^19.0.3",
        "tsup": "^8.5.0",
        "typescript": "^5.8.3"
      }
    },
    "../../../../.local/share/anharmonic-cloudflare-tools/node_modules/youch-core": {
      "version": "0.3.3",
      "extraneous": true,
      "license": "MIT",
      "dependencies": {
        "@poppinss/exception": "^1.2.2",
        "error-stack-parser-es": "^1.0.5"
      },
      "devDependencies": {
        "@adonisjs/eslint-config": "^3.0.0-next.0",
        "@adonisjs/prettier-config": "^1.4.5",
        "@adonisjs/tsconfig": "^2.0.0-next.0",
        "@japa/assert": "^4.0.1",
        "@japa/expect": "^3.0.4",
        "@japa/expect-type": "^2.0.3",
        "@japa/file-system": "^2.3.2",
        "@japa/runner": "^4.2.0",
        "@poppinss/ts-exec": "^1.4.0",
        "@release-it/conventional-changelog": "^10.0.1",
        "@types/node": "^24.0.10",
        "ansis": "^4.1.0",
        "axios": "^1.10.0",
        "c8": "^10.1.3",
        "eslint": "^9.30.1",
        "got": "^14.4.7",
        "prettier": "^3.6.2",
        "release-it": "^19.0.3",
        "strip-ansi": "^7.1.0",
        "tinyhighlight": "^0.3.2",
        "tsup": "^8.5.0",
        "typescript": "^5.8.3",
        "undici": "^7.11.0"
      }
    },
    "node_modules/miniflare": {
      "resolved": "../../../../.local/share/anharmonic-cloudflare-tools/node_modules/miniflare",
      "link": true
    },
    "node_modules/wrangler": {
      "resolved": "../../../../.local/share/anharmonic-cloudflare-tools/node_modules/wrangler",
      "link": true
    }
  }
}
